// !$*UTF8*$!
{
	archiveVersion = 1;
	classes = {
	};
	objectVersion = 46;
	objects = {

/* Begin PBXBuildFile section */
		12C6F9D01F0216E400A2CFD3 /* main.m in Sources */ = {isa = PBXBuildFile; fileRef = 12C6F9CF1F0216E400A2CFD3 /* main.m */; };
		12C6F9D31F0216E400A2CFD3 /* AppDelegate.m in Sources */ = {isa = PBXBuildFile; fileRef = 12C6F9D21F0216E400A2CFD3 /* AppDelegate.m */; };
		12C6F9D61F0216E400A2CFD3 /* ViewController.m in Sources */ = {isa = PBXBuildFile; fileRef = 12C6F9D51F0216E400A2CFD3 /* ViewController.m */; };
		12C6F9D91F0216E400A2CFD3 /* Main.storyboard in Resources */ = {isa = PBXBuildFile; fileRef = 12C6F9D71F0216E400A2CFD3 /* Main.storyboard */; };
		12C6F9DC1F0216E500A2CFD3 /* _5_UIDynamic.xcdatamodeld in Sources */ = {isa = PBXBuildFile; fileRef = 12C6F9DA1F0216E500A2CFD3 /* _5_UIDynamic.xcdatamodeld */; };
		12C6F9DE1F0216E500A2CFD3 /* Assets.xcassets in Resources */ = {isa = PBXBuildFile; fileRef = 12C6F9DD1F0216E500A2CFD3 /* Assets.xcassets */; };
		12C6F9E11F0216E500A2CFD3 /* LaunchScreen.storyboard in Resources */ = {isa = PBXBuildFile; fileRef = 12C6F9DF1F0216E500A2CFD3 /* LaunchScreen.storyboard */; };
		12C6F9EC1F0216E700A2CFD3 /* _5_UIDynamicUITests.m in Sources */ = {isa = PBXBuildFile; fileRef = 12C6F9EB1F0216E700A2CFD3 /* _5_UIDynamicUITests.m */; };
/* End PBXBuildFile section */

/* Begin PBXContainerItemProxy section */
		12C6F9E81F0216E700A2CFD3 /* PBXContainerItemProxy */ = {
			isa = PBXContainerItemProxy;
			containerPortal = 12C6F9C31F0216E400A2CFD3 /* Project object */;
			proxyType = 1;
			remoteGlobalIDString = 12C6F9CA1F0216E400A2CFD3;
			remoteInfo = "05-UIDynamic";
		};
/* End PBXContainerItemProxy section */

/* Begin PBXFileReference section */
		12C6F9CB1F0216E400A2CFD3 /* 05-UIDynamic.app */ = {isa = PBXFileReference; explicitFileType = wrapper.application; includeInIndex = 0; path = "05-UIDynamic.app"; sourceTree = BUILT_PRODUCTS_DIR; };
		12C6F9CF1F0216E400A2CFD3 /* main.m */ = {isa = PBXFileReference; lastKnownFileType = sourcecode.c.objc; path = main.m; sourceTree = "<group>"; };
		12C6F9D11F0216E400A2CFD3 /* AppDelegate.h */ = {isa = PBXFileReference; lastKnownFileType = sourcecode.c.h; path = AppDelegate.h; sourceTree = "<group>"; };
		12C6F9D21F0216E400A2CFD3 /* AppDelegate.m */ = {isa = PBXFileReference; lastKnownFileType = sourcecode.c.objc; path = AppDelegate.m; sourceTree = "<group>"; };
		12C6F9D41F0216E400A2CFD3 /* ViewController.h */ = {isa = PBXFileReference; lastKnownFileType = sourcecode.c.h; path = ViewController.h; sourceTree = "<group>"; };
		12C6F9D51F0216E400A2CFD3 /* ViewController.m */ = {isa = PBXFileReference; lastKnownFileType = sourcecode.c.objc; path = ViewController.m; sourceTree = "<group>"; };
		12C6F9D81F0216E400A2CFD3 /* Base */ = {isa = PBXFileReference; lastKnownFileType = file.storyboard; name = Base; path = Base.lproj/Main.storyboard; sourceTree = "<group>"; };
		12C6F9DB1F0216E500A2CFD3 /* _5_UIDynamic.xcdatamodel */ = {isa = PBXFileReference; lastKnownFileType = wrapper.xcdatamodel; path = _5_UIDynamic.xcdatamodel; sourceTree = "<group>"; };
		12C6F9DD1F0216E500A2CFD3 /* Assets.xcassets */ = {isa = PBXFileReference; lastKnownFileType = folder.assetcatalog; path = Assets.xcassets; sourceTree = "<group>"; };
		12C6F9E01F0216E500A2CFD3 /* Base */ = {isa = PBXFileReference; lastKnownFileType = file.storyboard; name = Base; path = Base.lproj/LaunchScreen.storyboard; sourceTree = "<group>"; };
		12C6F9E21F0216E500A2CFD3 /* Info.plist */ = {isa = PBXFileReference; lastKnownFileType = text.plist.xml; path = Info.plist; sourceTree = "<group>"; };
		12C6F9E71F0216E700A2CFD3 /* 05-UIDynamicUITests.xctest */ = {isa = PBXFileReference; explicitFileType = wrapper.cfbundle; includeInIndex = 0; path = "05-UIDynamicUITests.xctest"; sourceTree = BUILT_PRODUCTS_DIR; };
		12C6F9EB1F0216E700A2CFD3 /* _5_UIDynamicUITests.m */ = {isa = PBXFileReference; lastKnownFileType = sourcecode.c.objc; path = _5_UIDynamicUITests.m; sourceTree = "<group>"; };
		12C6F9ED1F0216E700A2CFD3 /* Info.plist */ = {isa = PBXFileReference; lastKnownFileType = text.plist.xml; path = Info.plist; sourceTree = "<group>"; };
/* End PBXFileReference section */

/* Begin PBXFrameworksBuildPhase section */
		12C6F9C81F0216E400A2CFD3 /* Frameworks */ = {
			isa = PBXFrameworksBuildPhase;
			buildActionMask = 2147483647;
			files = (
			);
			runOnlyForDeploymentPostprocessing = 0;
		};
		12C6F9E41F0216E700A2CFD3 /* Frameworks */ = {
			isa = PBXFrameworksBuildPhase;
			buildActionMask = 2147483647;
			files = (
			);
			runOnlyForDeploymentPostprocessing = 0;
		};
/* End PBXFrameworksBuildPhase section */

/* Begin PBXGroup section */
		12C6F9C21F0216E300A2CFD3 = {
			isa = PBXGroup;
			children = (
				12C6F9CD1F0216E400A2CFD3 /* 05-UIDynamic */,
				12C6F9EA1F0216E700A2CFD3 /* 05-UIDynamicUITests */,
				12C6F9CC1F0216E400A2CFD3 /* Products */,
			);
			sourceTree = "<group>";
		};
		12C6F9CC1F0216E400A2CFD3 /* Products */ = {
			isa = PBXGroup;
			children = (
				12C6F9CB1F0216E400A2CFD3 /* 05-UIDynamic.app */,
				12C6F9E71F0216E700A2CFD3 /* 05-UIDynamicUITests.xctest */,
			);
			name = Products;
			sourceTree = "<group>";
		};
		12C6F9CD1F0216E400A2CFD3 /* 05-UIDynamic */ = {
			isa = PBXGroup;
			children = (
				12C6F9D11F0216E400A2CFD3 /* AppDelegate.h */,
				12C6F9D21F0216E400A2CFD3 /* AppDelegate.m */,
				12C6F9D41F0216E400A2CFD3 /* ViewController.h */,
				12C6F9D51F0216E400A2CFD3 /* ViewController.m */,
				12C6F9D71F0216E400A2CFD3 /* Main.storyboard */,
				12C6F9DD1F0216E500A2CFD3 /* Assets.xcassets */,
				12C6F9DF1F0216E500A2CFD3 /* LaunchScreen.storyboard */,
				12C6F9E21F0216E500A2CFD3 /* Info.plist */,
				12C6F9DA1F0216E500A2CFD3 /* _5_UIDynamic.xcdatamodeld */,
				12C6F9CE1F0216E400A2CFD3 /* Supporting Files */,
			);
			path = "05-UIDynamic";
			sourceTree = "<group>";
		};
		12C6F9CE1F0216E400A2CFD3 /* Supporting Files */ = {
			isa = PBXGroup;
			children = (
				12C6F9CF1F0216E400A2CFD3 /* main.m */,
			);
			name = "Supporting Files";
			sourceTree = "<group>";
		};
		12C6F9EA1F0216E700A2CFD3 /* 05-UIDynamicUITests */ = {
			isa = PBXGroup;
			children = (
				12C6F9EB1F0216E700A2CFD3 /* _5_UIDynamicUITests.m */,
				12C6F9ED1F0216E700A2CFD3 /* Info.plist */,
			);
			path = "05-UIDynamicUITests";
			sourceTree = "<group>";
		};
/* End PBXGroup section */

/* Begin PBXNativeTarget section */
		12C6F9CA1F0216E400A2CFD3 /* 05-UIDynamic */ = {
			isa = PBXNativeTarget;
			buildConfigurationList = 12C6F9F01F0216E700A2CFD3 /* Build configuration list for PBXNativeTarget "05-UIDynamic" */;
			buildPhases = (
				12C6F9C71F0216E400A2CFD3 /* Sources */,
				12C6F9C81F0216E400A2CFD3 /* Frameworks */,
				12C6F9C91F0216E400A2CFD3 /* Resources */,
			);
			buildRules = (
			);
			dependencies = (
			);
			name = "05-UIDynamic";
			productName = "05-UIDynamic";
			productReference = 12C6F9CB1F0216E400A2CFD3 /* 05-UIDynamic.app */;
			productType = "com.apple.product-type.application";
		};
		12C6F9E61F0216E700A2CFD3 /* 05-UIDynamicUITests */ = {
			isa = PBXNativeTarget;
			buildConfigurationList = 12C6F9F31F0216E700A2CFD3 /* Build configuration list for PBXNativeTarget "05-UIDynamicUITests" */;
			buildPhases = (
				12C6F9E31F0216E700A2CFD3 /* Sources */,
				12C6F9E41F0216E700A2CFD3 /* Frameworks */,
				12C6F9E51F0216E700A2CFD3 /* Resources */,
			);
			buildRules = (
			);
			dependencies = (
				12C6F9E91F0216E700A2CFD3 /* PBXTargetDependency */,
			);
			name = "05-UIDynamicUITests";
			productName = "05-UIDynamicUITests";
			productReference = 12C6F9E71F0216E700A2CFD3 /* 05-UIDynamicUITests.xctest */;
			productType = "com.apple.product-type.bundle.ui-testing";
		};
/* End PBXNativeTarget section */

/* Begin PBXProject section */
		12C6F9C31F0216E400A2CFD3 /* Project object */ = {
			isa = PBXProject;
			attributes = {
				LastUpgradeCheck = 0830;
				ORGANIZATIONNAME = wpzyc;
				TargetAttributes = {
					12C6F9CA1F0216E400A2CFD3 = {
						CreatedOnToolsVersion = 8.3.1;
						ProvisioningStyle = Automatic;
					};
					12C6F9E61F0216E700A2CFD3 = {
						CreatedOnToolsVersion = 8.3.1;
						ProvisioningStyle = Automatic;
						TestTargetID = 12C6F9CA1F0216E400A2CFD3;
					};
				};
			};
			buildConfigurationList = 12C6F9C61F0216E400A2CFD3 /* Build configuration list for PBXProject "05-UIDynamic" */;
			compatibilityVersion = "Xcode 3.2";
			developmentRegion = English;
			hasScannedForEncodings = 0;
			knownRegions = (
				en,
				Base,
			);
			mainGroup = 12C6F9C21F0216E300A2CFD3;
			productRefGroup = 12C6F9CC1F0216E400A2CFD3 /* Products */;
			projectDirPath = "";
			projectRoot = "";
			targets = (
				12C6F9CA1F0216E400A2CFD3 /* 05-UIDynamic */,
				12C6F9E61F0216E700A2CFD3 /* 05-UIDynamicUITests */,
			);
		};
/* End PBXProject section */

/* Begin PBXResourcesBuildPhase section */
		12C6F9C91F0216E400A2CFD3 /* Resources */ = {
			isa = PBXResourcesBuildPhase;
			buildActionMask = 2147483647;
			files = (
				12C6F9E11F0216E500A2CFD3 /* LaunchScreen.storyboard in Resources */,
				12C6F9DE1F0216E500A2CFD3 /* Assets.xcassets in Resources */,
				12C6F9D91F0216E400A2CFD3 /* Main.storyboard in Resources */,
			);
			runOnlyForDeploymentPostprocessing = 0;
		};
		12C6F9E51F0216E700A2CFD3 /* Resources */ = {
			isa = PBXResourcesBuildPhase;
			buildActionMask = 2147483647;
			files = (
			);
			runOnlyForDeploymentPostprocessing = 0;
		};
/* End PBXResourcesBuildPhase section */

/* Begin PBXSourcesBuildPhase section */
		12C6F9C71F0216E400A2CFD3 /* Sources */ = {
			isa = PBXSourcesBuildPhase;
			buildActionMask = 2147483647;
			files = (
				12C6F9D61F0216E400A2CFD3 /* ViewController.m in Sources */,
				12C6F9D31F0216E400A2CFD3 /* AppDelegate.m in Sources */,
				12C6F9D01F0216E400A2CFD3 /* main.m in Sources */,
				12C6F9DC1F0216E500A2CFD3 /* _5_UIDynamic.xcdatamodeld in Sources */,
			);
			runOnlyForDeploymentPostprocessing = 0;
		};
		12C6F9E31F0216E700A2CFD3 /* Sources */ = {
			isa = PBXSourcesBuildPhase;
			buildActionMask = 2147483647;
			files = (
				12C6F9EC1F0216E700A2CFD3 /* _5_UIDynamicUITests.m in Sources */,
			);
			runOnlyForDeploymentPostprocessing = 0;
		};
/* End PBXSourcesBuildPhase section */

/* Begin PBXTargetDependency section */
		12C6F9E91F0216E700A2CFD3 /* PBXTargetDependency */ = {
			isa = PBXTargetDependency;
			target = 12C6F9CA1F0216E400A2CFD3 /* 05-UIDynamic */;
			targetProxy = 12C6F9E81F0216E700A2CFD3 /* PBXContainerItemProxy */;
		};
/* End PBXTargetDependency section */

/* Begin PBXVariantGroup section */
		12C6F9D71F0216E400A2CFD3 /* Main.storyboard */ = {
			isa = PBXVariantGroup;
			children = (
				12C6F9D81F0216E400A2CFD3 /* Base */,
			);
			name = Main.storyboard;
			sourceTree = "<group>";
		};
		12C6F9DF1F0216E500A2CFD3 /* LaunchScreen.storyboard */ = {
			isa = PBXVariantGroup;
			children = (
				12C6F9E01F0216E500A2CFD3 /* Base */,
			);
			name = LaunchScreen.storyboard;
			sourceTree = "<group>";
		};
/* End PBXVariantGroup section */

/* Begin XCBuildConfiguration section */
		12C6F9EE1F0216E700A2CFD3 /* Debug */ = {
			isa = XCBuildConfiguration;
			buildSettings = {
				ALWAYS_SEARCH_USER_PATHS = NO;
				CLANG_ANALYZER_NONNULL = YES;
				CLANG_ANALYZER_NUMBER_OBJECT_CONVERSION = YES_AGGRESSIVE;
				CLANG_CXX_LANGUAGE_STANDARD = "gnu++0x";
				CLANG_CXX_LIBRARY = "libc++";
				CLANG_ENABLE_MODULES = YES;
				CLANG_ENABLE_OBJC_ARC = YES;
				CLANG_WARN_BOOL_CONVERSION = YES;
				CLANG_WARN_CONSTANT_CONVERSION = YES;
				CLANG_WARN_DIRECT_OBJC_ISA_USAGE = YES_ERROR;
				CLANG_WARN_DOCUMENTATION_COMMENTS = YES;
				CLANG_WARN_EMPTY_BODY = YES;
				CLANG_WARN_ENUM_CONVERSION = YES;
				CLANG_WARN_INFINITE_RECURSION = YES;
				CLANG_WARN_INT_CONVERSION = YES;
				CLANG_WARN_OBJC_ROOT_CLASS = YES_ERROR;
				CLANG_WARN_SUSPICIOUS_MOVE = YES;
				CLANG_WARN_UNREACHABLE_CODE = YES;
				CLANG_WARN__DUPLICATE_METHOD_MATCH = YES;
				"CODE_SIGN_IDENTITY[sdk=iphoneos*]" = "iPhone Developer";
				COPY_PHASE_STRIP = NO;
				DEBUG_INFORMATION_FORMAT = dwarf;
				ENABLE_STRICT_OBJC_MSGSEND = YES;
				ENABLE_TESTABILITY = YES;
				GCC_C_LANGUAGE_STANDARD = gnu99;
				GCC_DYNAMIC_NO_PIC = NO;
				GCC_NO_COMMON_BLOCKS = YES;
				GCC_OPTIMIZATION_LEVEL = 0;
				GCC_PREPROCESSOR_DEFINITIONS = (
					"DEBUG=1",
					"$(inherited)",
				);
				GCC_WARN_64_TO_32_BIT_CONVERSION = YES;
				GCC_WARN_ABOUT_RETURN_TYPE = YES_ERROR;
				GCC_WARN_UNDECLARED_SELECTOR = YES;
				GCC_WARN_UNINITIALIZED_AUTOS = YES_AGGRESSIVE;
				GCC_WARN_UNUSED_FUNCTION = YES;
				GCC_WARN_UNUSED_VARIABLE = YES;
				IPHONEOS_DEPLOYMENT_TARGET = 10.3;
				MTL_ENABLE_DEBUG_INFO = YES;
				ONLY_ACTIVE_ARCH = YES;
				SDKROOT = iphoneos;
			};
			name = Debug;
		};
		12C6F9EF1F0216E700A2CFD3 /* Release */ = {
			isa = XCBuildConfiguration;
			buildSettings = {
				ALWAYS_SEARCH_USER_PATHS = NO;
				CLANG_ANALYZER_NONNULL = YES;
				CLANG_ANALYZER_NUMBER_OBJECT_CONVERSION = YES_AGGRESSIVE;
				CLANG_CXX_LANGUAGE_STANDARD = "gnu++0x";
				CLANG_CXX_LIBRARY = "libc++";
				CLANG_ENABLE_MODULES = YES;
				CLANG_ENABLE_OBJC_ARC = YES;
				CLANG_WARN_BOOL_CONVERSION = YES;
				CLANG_WARN_CONSTANT_CONVERSION = YES;
				CLANG_WARN_DIRECT_OBJC_ISA_USAGE = YES_ERROR;
				CLANG_WARN_DOCUMENTATION_COMMENTS = YES;
				CLANG_WARN_EMPTY_BODY = YES;
				CLANG_WARN_ENUM_CONVERSION = YES;
				CLANG_WARN_INFINITE_RECURSION = YES;
				CLANG_WARN_INT_CONVERSION = YES;
				CLANG_WARN_OBJC_ROOT_CLASS = YES_ERROR;
				CLANG_WARN_SUSPICIOUS_MOVE = YES;
				CLANG_WARN_UNREACHABLE_CODE = YES;
				CLANG_WARN__DUPLICATE_METHOD_MATCH = YES;
				"CODE_SIGN_IDENTITY[sdk=iphoneos*]" = "iPhone Developer";
				COPY_PHASE_STRIP = NO;
				DEBUG_INFORMATION_FORMAT = "dwarf-with-dsym";
				ENABLE_NS_ASSERTIONS = NO;
				ENABLE_STRICT_OBJC_MSGSEND = YES;
				GCC_C_LANGUAGE_STANDARD = gnu99;
				GCC_NO_COMMON_BLOCKS = YES;
				GCC_WARN_64_TO_32_BIT_CONVERSION = YES;
				GCC_WARN_ABOUT_RETURN_TYPE = YES_ERROR;
				GCC_WARN_UNDECLARED_SELECTOR = YES;
				GCC_WARN_UNINITIALIZED_AUTOS = YES_AGGRESSIVE;
				GCC_WARN_UNUSED_FUNCTION = YES;
				GCC_WARN_UNUSED_VARIABLE = YES;
				IPHONEOS_DEPLOYMENT_TARGET = 10.3;
				MTL_ENABLE_DEBUG_INFO = NO;
				SDKROOT = iphoneos;
				VALIDATE_PRODUCT = YES;
			};
			name = Release;
		};
		12C6F9F11F0216E700A2CFD3 /* Debug */ = {
			isa = XCBuildConfiguration;
			buildSettings = {
				ASSETCATALOG_COMPILER_APPICON_NAME = AppIcon;
				INFOPLIST_FILE = "05-UIDynamic/Info.plist";
				LD_RUNPATH_SEARCH_PATHS = "$(inherited) @executable_path/Frameworks";
				PRODUCT_BUNDLE_IDENTIFIER = "com.wpzyc.-5-UIDynamic";
				PRODUCT_NAME = "$(TARGET_NAME)";
			};
			name = Debug;
		};
		12C6F9F21F0216E700A2CFD3 /* Release */ = {
			isa = XCBuildConfiguration;
			buildSettings = {
				ASSETCATALOG_COMPILER_APPICON_NAME = AppIcon;
				INFOPLIST_FILE = "05-UIDynamic/Info.plist";
				LD_RUNPATH_SEARCH_PATHS = "$(inherited) @executable_path/Frameworks";
				PRODUCT_BUNDLE_IDENTIFIER = "com.wpzyc.-5-UIDynamic";
				PRODUCT_NAME = "$(TARGET_NAME)";
			};
			name = Release;
		};
		12C6F9F41F0216E700A2CFD3 /* Debug */ = {
			isa = XCBuildConfiguration;
			buildSettings = {
				INFOPLIST_FILE = "05-UIDynamicUITests/Info.plist";
				LD_RUNPATH_SEARCH_PATHS = "$(inherited) @executable_path/Frameworks @loader_path/Frameworks";
				PRODUCT_BUNDLE_IDENTIFIER = "com.wpzyc.-5-UIDynamicUITests";
				PRODUCT_NAME = "$(TARGET_NAME)";
				TEST_TARGET_NAME = "05-UIDynamic";
			};
			name = Debug;
		};
		12C6F9F51F0216E700A2CFD3 /* Release */ = {
			isa = XCBuildConfiguration;
			buildSettings = {
				INFOPLIST_FILE = "05-UIDynamicUITests/Info.plist";
				LD_RUNPATH_SEARCH_PATHS = "$(inherited) @executable_path/Frameworks @loader_path/Frameworks";
				PRODUCT_BUNDLE_IDENTIFIER = "com.wpzyc.-5-UIDynamicUITests";
				PRODUCT_NAME = "$(TARGET_NAME)";
				TEST_TARGET_NAME = "05-UIDynamic";
			};
			name = Release;
		};
/* End XCBuildConfiguration section */

/* Begin XCConfigurationList section */
		12C6F9C61F0216E400A2CFD3 /* Build configuration list for PBXProject "05-UIDynamic" */ = {
			isa = XCConfigurationList;
			buildConfigurations = (
				12C6F9EE1F0216E700A2CFD3 /* Debug */,
				12C6F9EF1F0216E700A2CFD3 /* Release */,
			);
			defaultConfigurationIsVisible = 0;
			defaultConfigurationName = Release;
		};
		12C6F9F01F0216E700A2CFD3 /* Build configuration list for PBXNativeTarget "05-UIDynamic" */ = {
			isa = XCConfigurationList;
			buildConfigurations = (
				12C6F9F11F0216E700A2CFD3 /* Debug */,
				12C6F9F21F0216E700A2CFD3 /* Release */,
			);
			defaultConfigurationIsVisible = 0;
		};
		12C6F9F31F0216E700A2CFD3 /* Build configuration list for PBXNativeTarget "05-UIDynamicUITests" */ = {
			isa = XCConfigurationList;
			buildConfigurations = (
				12C6F9F41F0216E700A2CFD3 /* Debug */,
				12C6F9F51F0216E700A2CFD3 /* Release */,
			);
			defaultConfigurationIsVisible = 0;
		};
/* End XCConfigurationList section */

/* Begin XCVersionGroup section */
		12C6F9DA1F0216E500A2CFD3 /* _5_UIDynamic.xcdatamodeld */ = {
			isa = XCVersionGroup;
			children = (
				12C6F9DB1F0216E500A2CFD3 /* _5_UIDynamic.xcdatamodel */,
			);
			currentVersion = 12C6F9DB1F0216E500A2CFD3 /* _5_UIDynamic.xcdatamodel */;
			path = _5_UIDynamic.xcdatamodeld;
			sourceTree = "<group>";
			versionGroupType = wrapper.xcdatamodel;
		};
/* End XCVersionGroup section */
	};
	rootObject = 12C6F9C31F0216E400A2CFD3 /* Project object */;
}
